
Microsoft Visual Studio Solution File, Format Version 12.00
# Visual Studio Version 17
VisualStudioVersion = 17.9.34616.47
MinimumVisualStudioVersion = 10.0.40219.1
Project("{FAE04EC0-301F-11D3-BF4B-00C04F79EFBC}") = "Aplikasi Jadwal", "Aplikasi Jadwal\Aplikasi Jadwal.csproj", "{C69DC4BB-C83A-4C34-9347-E348A47AC152}"
EndProject
Global
	GlobalSection(SolutionConfigurationPlatforms) = preSolution
		Debug|Any CPU = Debug|Any CPU
		Release|Any CPU = Release|Any CPU
	EndGlobalSection
	GlobalSection(ProjectConfigurationPlatforms) = postSolution
		{C69DC4BB-C83A-4C34-9347-E348A47AC152}.Debug|Any CPU.ActiveCfg = Debug|Any CPU
		{C69DC4BB-C83A-4C34-9347-E348A47AC152}.Debug|Any CPU.Build.0 = Debug|Any CPU
		{C69DC4BB-C83A-4C34-9347-E348A47AC152}.Release|Any CPU.ActiveCfg = Release|Any CPU
		{C69DC4BB-C83A-4C34-9347-E348A47AC152}.Release|Any CPU.Build.0 = Release|Any CPU
	EndGlobalSection
	GlobalSection(SolutionProperties) = preSolution
		HideSolutionNode = FALSE
	EndGlobalSection
	GlobalSection(ExtensibilityGlobals) = postSolution
		SolutionGuid = {058C713C-512F-45F2-8DA6-5E3F85E6677C}
	EndGlobalSection
EndGlobal
